{
  "name": "thealchemist2016.github.io",
  "lockfileVersion": 2,
  "requires": true,
  "packages": {
    "": {
      "dependencies": {
        "jshint": "npm:undefined@^"
      }
    },
    "node_modules/balanced-match": {
      "extraneous": true
    },
    "node_modules/brace-expansion": {
      "extraneous": true
    },
    "node_modules/cli": {
      "extraneous": true
    },
    "node_modules/concat-map": {
      "extraneous": true
    },
    "node_modules/console-browserify": {
      "extraneous": true
    },
    "node_modules/core-util-is": {
      "extraneous": true
    },
    "node_modules/date-now": {
      "extraneous": true
    },
    "node_modules/dom-serializer": {
      "extraneous": true
    },
    "node_modules/dom-serializer/node_modules/domelementtype": {
      "extraneous": true
    },
    "node_modules/dom-serializer/node_modules/entities": {
      "extraneous": true
    },
    "node_modules/domelementtype": {
      "extraneous": true
    },
    "node_modules/domhandler": {
      "extraneous": true
    },
    "node_modules/domutils": {
      "extraneous": true
    },
    "node_modules/entities": {
      "extraneous": true
    },
    "node_modules/exit": {
      "extraneous": true
    },
    "node_modules/fs.realpath": {
      "extraneous": true
    },
    "node_modules/glob": {
      "extraneous": true
    },
    "node_modules/htmlparser2": {
      "extraneous": true
    },
    "node_modules/inflight": {
      "extraneous": true
    },
    "node_modules/inherits": {
      "extraneous": true
    },
    "node_modules/isarray": {
      "extraneous": true
    },
    "node_modules/jshint": {},
    "node_modules/lodash": {
      "extraneous": true
    },
    "node_modules/minimatch": {
      "extraneous": true
    },
    "node_modules/once": {
      "extraneous": true
    },
    "node_modules/path-is-absolute": {
      "extraneous": true
    },
    "node_modules/readable-stream": {
      "extraneous": true
    },
    "node_modules/shelljs": {
      "extraneous": true
    },
    "node_modules/string_decoder": {
      "extraneous": true
    },
    "node_modules/strip-json-comments": {
      "extraneous": true
    },
    "node_modules/wrappy": {
      "extraneous": true
    }
  },
  "dependencies": {
    "balanced-match": {
      "extraneous": true
    },
    "brace-expansion": {
      "extraneous": true
    },
    "cli": {
      "extraneous": true
    },
    "concat-map": {
      "extraneous": true
    },
    "console-browserify": {
      "extraneous": true
    },
    "core-util-is": {
      "extraneous": true
    },
    "date-now": {
      "extraneous": true
    },
    "dom-serializer": {
      "extraneous": true,
      "dependencies": {
        "domelementtype": {
          "extraneous": true
        },
        "entities": {
          "extraneous": true
        }
      }
    },
    "domelementtype": {
      "extraneous": true
    },
    "domhandler": {
      "extraneous": true
    },
    "domutils": {
      "extraneous": true
    },
    "entities": {
      "extraneous": true
    },
    "exit": {
      "extraneous": true
    },
    "fs.realpath": {
      "extraneous": true
    },
    "glob": {
      "extraneous": true
    },
    "htmlparser2": {
      "extraneous": true
    },
    "inflight": {
      "extraneous": true
    },
    "inherits": {
      "extraneous": true
    },
    "isarray": {
      "extraneous": true
    },
    "jshint": {},
    "lodash": {
      "extraneous": true
    },
    "minimatch": {
      "extraneous": true
    },
    "once": {
      "extraneous": true
    },
    "path-is-absolute": {
      "extraneous": true
    },
    "readable-stream": {
      "extraneous": true
    },
    "shelljs": {
      "extraneous": true
    },
    "string_decoder": {
      "extraneous": true
    },
    "strip-json-comments": {
      "extraneous": true
    },
    "wrappy": {
      "extraneous": true
    }
  }
}
